
Microsoft Visual Studio Solution File, Format Version 12.00
# Visual Studio Version 16
VisualStudioVersion = 16.0.29201.188
MinimumVisualStudioVersion = 10.0.40219.1
Project("{FAE04EC0-301F-11D3-BF4B-00C04F79EFBC}") = "Chall1.XF.Android", "Chall1.XF\Chall1.XF.Android\Chall1.XF.Android.csproj", "{7E2F38D2-06C1-4679-A7DA-21D729716A2D}"
EndProject
Project("{FAE04EC0-301F-11D3-BF4B-00C04F79EFBC}") = "Chall1.XF", "Chall1.XF\Chall1.XF\Chall1.XF.csproj", "{7CCE8B42-81E0-47D4-A422-89705E2002A0}"
EndProject
Global
	GlobalSection(SolutionConfigurationPlatforms) = preSolution
		Debug|Any CPU = Debug|Any CPU
		Release|Any CPU = Release|Any CPU
	EndGlobalSection
	GlobalSection(ProjectConfigurationPlatforms) = postSolution
		{7E2F38D2-06C1-4679-A7DA-21D729716A2D}.Debug|Any CPU.ActiveCfg = Debug|Any CPU
		{7E2F38D2-06C1-4679-A7DA-21D729716A2D}.Debug|Any CPU.Build.0 = Debug|Any CPU
		{7E2F38D2-06C1-4679-A7DA-21D729716A2D}.Debug|Any CPU.Deploy.0 = Debug|Any CPU
		{7E2F38D2-06C1-4679-A7DA-21D729716A2D}.Release|Any CPU.ActiveCfg = Release|Any CPU
		{7E2F38D2-06C1-4679-A7DA-21D729716A2D}.Release|Any CPU.Build.0 = Release|Any CPU
		{7E2F38D2-06C1-4679-A7DA-21D729716A2D}.Release|Any CPU.Deploy.0 = Release|Any CPU
		{7CCE8B42-81E0-47D4-A422-89705E2002A0}.Debug|Any CPU.ActiveCfg = Debug|Any CPU
		{7CCE8B42-81E0-47D4-A422-89705E2002A0}.Debug|Any CPU.Build.0 = Debug|Any CPU
		{7CCE8B42-81E0-47D4-A422-89705E2002A0}.Release|Any CPU.ActiveCfg = Release|Any CPU
		{7CCE8B42-81E0-47D4-A422-89705E2002A0}.Release|Any CPU.Build.0 = Release|Any CPU
	EndGlobalSection
	GlobalSection(SolutionProperties) = preSolution
		HideSolutionNode = FALSE
	EndGlobalSection
	GlobalSection(ExtensibilityGlobals) = postSolution
		SolutionGuid = {58C54B01-C1BC-448D-9917-8861122FE395}
	EndGlobalSection
EndGlobal
